
Microsoft Visual Studio Solution File, Format Version 12.00
# Visual Studio Version 17
VisualStudioVersion = 17.8.34309.116
MinimumVisualStudioVersion = 10.0.40219.1
Project("{FAE04EC0-301F-11D3-BF4B-00C04F79EFBC}") = "Links.API", "Links.API\Links.API.csproj", "{818493BA-3F09-4DBA-8778-D277E6DC7D43}"
EndProject
Global
	GlobalSection(SolutionConfigurationPlatforms) = preSolution
		Debug|Any CPU = Debug|Any CPU
		Release|Any CPU = Release|Any CPU
	EndGlobalSection
	GlobalSection(ProjectConfigurationPlatforms) = postSolution
		{818493BA-3F09-4DBA-8778-D277E6DC7D43}.Debug|Any CPU.ActiveCfg = Debug|Any CPU
		{818493BA-3F09-4DBA-8778-D277E6DC7D43}.Debug|Any CPU.Build.0 = Debug|Any CPU
		{818493BA-3F09-4DBA-8778-D277E6DC7D43}.Release|Any CPU.ActiveCfg = Release|Any CPU
		{818493BA-3F09-4DBA-8778-D277E6DC7D43}.Release|Any CPU.Build.0 = Release|Any CPU
	EndGlobalSection
	GlobalSection(SolutionProperties) = preSolution
		HideSolutionNode = FALSE
	EndGlobalSection
	GlobalSection(ExtensibilityGlobals) = postSolution
		SolutionGuid = {63D617C4-59A5-448C-8B3B-3938C2AA55A6}
	EndGlobalSection
EndGlobal
